<Solution>
  <Project Path="coursework/coursework.csproj" />
  <Project Path="VehicleParts.Application/VehicleParts.Application.csproj" />
  <Project Path="VehicleParts.Domain/VehicleParts.Domain.csproj" />
  <Project Path="VehicleParts.Infrastructure/VehicleParts.Infrastructure.csproj" />
</Solution>
